# THIS IS AN AUTOGENERATED FILE. DO NOT EDIT THIS FILE DIRECTLY.
# yarn lockfile v1


ntsuspend@^1.0.1:
  version "1.0.1"
  resolved "https://registry.yarnpkg.com/ntsuspend/-/ntsuspend-1.0.1.tgz#8f74e0fabae0e490b6576bcbeb1ae4e240cbf629"
  integrity sha512-bjbjfpE3Fz7fsX177YCm2u5jZh69qBkzp8iJ9WSeZ6uyUCMTQLMR3mUThBmKDJmFhh6Xjuw+d1FXrGJ7n1H8qQ==
